
Microsoft Visual Studio Solution File, Format Version 12.00
# Visual Studio Version 17
VisualStudioVersion = 17.8.34316.72
MinimumVisualStudioVersion = 10.0.40219.1
Project("{FAE04EC0-301F-11D3-BF4B-00C04F79EFBC}") = "A_9Customer", "A_9Customer\A_9Customer.csproj", "{687D38C8-31DB-472D-9378-20C4F3179C17}"
EndProject
Global
	GlobalSection(SolutionConfigurationPlatforms) = preSolution
		Debug|Any CPU = Debug|Any CPU
		Release|Any CPU = Release|Any CPU
	EndGlobalSection
	GlobalSection(ProjectConfigurationPlatforms) = postSolution
		{687D38C8-31DB-472D-9378-20C4F3179C17}.Debug|Any CPU.ActiveCfg = Debug|Any CPU
		{687D38C8-31DB-472D-9378-20C4F3179C17}.Debug|Any CPU.Build.0 = Debug|Any CPU
		{687D38C8-31DB-472D-9378-20C4F3179C17}.Release|Any CPU.ActiveCfg = Release|Any CPU
		{687D38C8-31DB-472D-9378-20C4F3179C17}.Release|Any CPU.Build.0 = Release|Any CPU
	EndGlobalSection
	GlobalSection(SolutionProperties) = preSolution
		HideSolutionNode = FALSE
	EndGlobalSection
	GlobalSection(ExtensibilityGlobals) = postSolution
		SolutionGuid = {2FFA6D7A-7C33-43A3-9DD7-C31A4156B00C}
	EndGlobalSection
EndGlobal
